<?xml version="1.0" encoding="utf-8"?>
<Project ToolsVersion="16.0" xmlns="http://schemas.microsoft.com/developer/msbuild/2003">
  <ItemGroup>
    <CustomBuild Include="C:\Users\Arnaud\Desktop\assimp-master\CMakeFiles\55961b526dc883840d697b50f9291876\uninstall.rule">
      <Filter>CMake Rules</Filter>
    </CustomBuild>
    <CustomBuild Include="C:\Users\Arnaud\Desktop\assimp-master\CMakeLists.txt" />
  </ItemGroup>
  <ItemGroup>
    <None Include="C:\Users\Arnaud\Desktop\assimp-master\CMakeFiles\uninstall" />
  </ItemGroup>
  <ItemGroup>
    <Filter Include="CMake Rules">
      <UniqueIdentifier>{61405AED-C469-36DC-BB0D-D7DFC1613CDD}</UniqueIdentifier>
    </Filter>
  </ItemGroup>
</Project>
